git.sr.ht/~adnano/go-gemini v0.2.6 h1:3TBtoY6Id62al/o4RF6NDS83dPfFqewB56Pd+AKPSr0=
git.sr.ht/~adnano/go-gemini v0.2.6/go.mod h1:3BB0/uhL1n6enIi3cJsY08Es0WZbHjxIedO0XrsobdE=
github.com/reiver/go-gemini v0.0.0-20211012025811-64df1daf7b5e h1:GmFAL3nLRwLiraVyaouKSp2ie6o10deFVoMbjqG22/I=
github.com/reiver/go-gemini v0.0.0-20211012025811-64df1daf7b5e/go.mod h1:vowV3d9YnKDGfk2MnDdWcnpMI+ahluk+5Hjvcru/zJ8=
github.com/rs/cors v1.11.1 h1:eU3gRzXLRK57F5rKMGMZURNdIG4EoAmX8k94r9wXWHA=
github.com/rs/cors v1.11.1/go.mod h1:XyqrcTp5zjWr1wsJ8PIRZssZ8b/WMcMf71DJnit4EMU=
golang.org/x/net v0.25.0 h1:d/OCCoBEUq33pjydKrGQhw7IlUPI2Oylr+8qLx49kac=
golang.org/x/net v0.25.0/go.mod h1:JkAGAh7GEvH74S6FOH42FLoXpXbE/aqXSrIQjXgsiwM=
golang.org/x/text v0.15.0 h1:h1V/4gjBv8v9cjcR6+AR5+/cIYK5N/WAgiv4xlsEtAk=
golang.org/x/text v0.15.0/go.mod h1:18ZOQIKpY8NJVqYksKHtTdi31H5itFRjB5/qKTNYzSU=
